// !$*UTF8*$!
{
	archiveVersion = 1;
	classes = {
	};
	objectVersion = 51;
	objects = {

/* Begin PBXBuildFile section */
		1874BF0823D762FD0002C3D4 /* FilterViewController.swift in Sources */ = {isa = PBXBuildFile; fileRef = 1874BF0723D762FD0002C3D4 /* FilterViewController.swift */; };
		18AD836223D5295700D94FA9 /* AppDelegate.swift in Sources */ = {isa = PBXBuildFile; fileRef = 18AD836123D5295700D94FA9 /* AppDelegate.swift */; };
		18AD836423D5295700D94FA9 /* SceneDelegate.swift in Sources */ = {isa = PBXBuildFile; fileRef = 18AD836323D5295700D94FA9 /* SceneDelegate.swift */; };
		18AD836623D5295700D94FA9 /* ViewController.swift in Sources */ = {isa = PBXBuildFile; fileRef = 18AD836523D5295700D94FA9 /* ViewController.swift */; };
		18AD836923D5295700D94FA9 /* Main.storyboard in Resources */ = {isa = PBXBuildFile; fileRef = 18AD836723D5295700D94FA9 /* Main.storyboard */; };
		18AD836C23D5295800D94FA9 /* C0773774Assignment2.xcdatamodeld in Sources */ = {isa = PBXBuildFile; fileRef = 18AD836A23D5295800D94FA9 /* C0773774Assignment2.xcdatamodeld */; };
		18AD836E23D5295900D94FA9 /* Assets.xcassets in Resources */ = {isa = PBXBuildFile; fileRef = 18AD836D23D5295900D94FA9 /* Assets.xcassets */; };
		18AD837123D5295900D94FA9 /* LaunchScreen.storyboard in Resources */ = {isa = PBXBuildFile; fileRef = 18AD836F23D5295900D94FA9 /* LaunchScreen.storyboard */; };
		18AD837923D52FD600D94FA9 /* VCTableViewCell.swift in Sources */ = {isa = PBXBuildFile; fileRef = 18AD837823D52FD600D94FA9 /* VCTableViewCell.swift */; };
		18AD837D23D53A2D00D94FA9 /* DetailViewController.swift in Sources */ = {isa = PBXBuildFile; fileRef = 18AD837C23D53A2D00D94FA9 /* DetailViewController.swift */; };
		18D014C423D688A1002EEBB1 /* PersistenceManager.swift in Sources */ = {isa = PBXBuildFile; fileRef = 18D014C323D688A1002EEBB1 /* PersistenceManager.swift */; };
		18D014C623D6AA6C002EEBB1 /* Helper.swift in Sources */ = {isa = PBXBuildFile; fileRef = 18D014C523D6AA6C002EEBB1 /* Helper.swift */; };
		F8E9E0F0B8873CB0C5FE5953 /* Pods_C0773774Assignment2.framework in Frameworks */ = {isa = PBXBuildFile; fileRef = 50954A6431BF2D560A0AB82F /* Pods_C0773774Assignment2.framework */; };
/* End PBXBuildFile section */

/* Begin PBXFileReference section */
		1874BF0723D762FD0002C3D4 /* FilterViewController.swift */ = {isa = PBXFileReference; lastKnownFileType = sourcecode.swift; path = FilterViewController.swift; sourceTree = "<group>"; };
		18AD835E23D5295700D94FA9 /* C0773774Assignment2.app */ = {isa = PBXFileReference; explicitFileType = wrapper.application; includeInIndex = 0; path = C0773774Assignment2.app; sourceTree = BUILT_PRODUCTS_DIR; };
		18AD836123D5295700D94FA9 /* AppDelegate.swift */ = {isa = PBXFileReference; lastKnownFileType = sourcecode.swift; path = AppDelegate.swift; sourceTree = "<group>"; };
		18AD836323D5295700D94FA9 /* SceneDelegate.swift */ = {isa = PBXFileReference; lastKnownFileType = sourcecode.swift; path = SceneDelegate.swift; sourceTree = "<group>"; };
		18AD836523D5295700D94FA9 /* ViewController.swift */ = {isa = PBXFileReference; lastKnownFileType = sourcecode.swift; path = ViewController.swift; sourceTree = "<group>"; };
		18AD836823D5295700D94FA9 /* Base */ = {isa = PBXFileReference; lastKnownFileType = file.storyboard; name = Base; path = Base.lproj/Main.storyboard; sourceTree = "<group>"; };
		18AD836B23D5295800D94FA9 /* C0773774Assignment2.xcdatamodel */ = {isa = PBXFileReference; lastKnownFileType = wrapper.xcdatamodel; path = C0773774Assignment2.xcdatamodel; sourceTree = "<group>"; };
		18AD836D23D5295900D94FA9 /* Assets.xcassets */ = {isa = PBXFileReference; lastKnownFileType = folder.assetcatalog; path = Assets.xcassets; sourceTree = "<group>"; };
		18AD837023D5295900D94FA9 /* Base */ = {isa = PBXFileReference; lastKnownFileType = file.storyboard; name = Base; path = Base.lproj/LaunchScreen.storyboard; sourceTree = "<group>"; };
		18AD837223D5295A00D94FA9 /* Info.plist */ = {isa = PBXFileReference; lastKnownFileType = text.plist.xml; path = Info.plist; sourceTree = "<group>"; };
		18AD837823D52FD600D94FA9 /* VCTableViewCell.swift */ = {isa = PBXFileReference; lastKnownFileType = sourcecode.swift; path = VCTableViewCell.swift; sourceTree = "<group>"; };
		18AD837C23D53A2D00D94FA9 /* DetailViewController.swift */ = {isa = PBXFileReference; lastKnownFileType = sourcecode.swift; path = DetailViewController.swift; sourceTree = "<group>"; };
		18D014C323D688A1002EEBB1 /* PersistenceManager.swift */ = {isa = PBXFileReference; fileEncoding = 4; lastKnownFileType = sourcecode.swift; path = PersistenceManager.swift; sourceTree = "<group>"; };
		18D014C523D6AA6C002EEBB1 /* Helper.swift */ = {isa = PBXFileReference; lastKnownFileType = sourcecode.swift; path = Helper.swift; sourceTree = "<group>"; };
		50954A6431BF2D560A0AB82F /* Pods_C0773774Assignment2.framework */ = {isa = PBXFileReference; explicitFileType = wrapper.framework; includeInIndex = 0; path = Pods_C0773774Assignment2.framework; sourceTree = BUILT_PRODUCTS_DIR; };
		A0F900F422646805D4F18850 /* Pods-C0773774Assignment2.release.xcconfig */ = {isa = PBXFileReference; includeInIndex = 1; lastKnownFileType = text.xcconfig; name = "Pods-C0773774Assignment2.release.xcconfig"; path = "Target Support Files/Pods-C0773774Assignment2/Pods-C0773774Assignment2.release.xcconfig"; sourceTree = "<group>"; };
		AFC69F3E0F578B665910A083 /* Pods-C0773774Assignment2.debug.xcconfig */ = {isa = PBXFileReference; includeInIndex = 1; lastKnownFileType = text.xcconfig; name = "Pods-C0773774Assignment2.debug.xcconfig"; path = "Target Support Files/Pods-C0773774Assignment2/Pods-C0773774Assignment2.debug.xcconfig"; sourceTree = "<group>"; };
/* End PBXFileReference section */

/* Begin PBXFrameworksBuildPhase section */
		18AD835B23D5295700D94FA9 /* Frameworks */ = {
			isa = PBXFrameworksBuildPhase;
			buildActionMask = 2147483647;
			files = (
				F8E9E0F0B8873CB0C5FE5953 /* Pods_C0773774Assignment2.framework in Frameworks */,
			);
			runOnlyForDeploymentPostprocessing = 0;
		};
/* End PBXFrameworksBuildPhase section */

/* Begin PBXGroup section */
		18AD835523D5295700D94FA9 = {
			isa = PBXGroup;
			children = (
				18AD836023D5295700D94FA9 /* C0773774Assignment2 */,
				18AD835F23D5295700D94FA9 /* Products */,
				6DC6A1F3C2F51C4F22461604 /* Pods */,
				DC52DB6B89A2F2D8537AB56E /* Frameworks */,
			);
			sourceTree = "<group>";
		};
		18AD835F23D5295700D94FA9 /* Products */ = {
			isa = PBXGroup;
			children = (
				18AD835E23D5295700D94FA9 /* C0773774Assignment2.app */,
			);
			name = Products;
			sourceTree = "<group>";
		};
		18AD836023D5295700D94FA9 /* C0773774Assignment2 */ = {
			isa = PBXGroup;
			children = (
				18AD836123D5295700D94FA9 /* AppDelegate.swift */,
				18AD836323D5295700D94FA9 /* SceneDelegate.swift */,
				18AD836523D5295700D94FA9 /* ViewController.swift */,
				18AD837823D52FD600D94FA9 /* VCTableViewCell.swift */,
				18AD837C23D53A2D00D94FA9 /* DetailViewController.swift */,
				1874BF0723D762FD0002C3D4 /* FilterViewController.swift */,
				18AD836723D5295700D94FA9 /* Main.storyboard */,
				18AD836D23D5295900D94FA9 /* Assets.xcassets */,
				18AD836F23D5295900D94FA9 /* LaunchScreen.storyboard */,
				18AD837223D5295A00D94FA9 /* Info.plist */,
				18AD836A23D5295800D94FA9 /* C0773774Assignment2.xcdatamodeld */,
				18D014C023D68751002EEBB1 /* Others */,
			);
			path = C0773774Assignment2;
			sourceTree = "<group>";
		};
		18D014C023D68751002EEBB1 /* Others */ = {
			isa = PBXGroup;
			children = (
				18D014C323D688A1002EEBB1 /* PersistenceManager.swift */,
				18D014C523D6AA6C002EEBB1 /* Helper.swift */,
			);
			path = Others;
			sourceTree = "<group>";
		};
		6DC6A1F3C2F51C4F22461604 /* Pods */ = {
			isa = PBXGroup;
			children = (
				AFC69F3E0F578B665910A083 /* Pods-C0773774Assignment2.debug.xcconfig */,
				A0F900F422646805D4F18850 /* Pods-C0773774Assignment2.release.xcconfig */,
			);
			path = Pods;
			sourceTree = "<group>";
		};
		DC52DB6B89A2F2D8537AB56E /* Frameworks */ = {
			isa = PBXGroup;
			children = (
				50954A6431BF2D560A0AB82F /* Pods_C0773774Assignment2.framework */,
			);
			name = Frameworks;
			sourceTree = "<group>";
		};
/* End PBXGroup section */

/* Begin PBXNativeTarget section */
		18AD835D23D5295700D94FA9 /* C0773774Assignment2 */ = {
			isa = PBXNativeTarget;
			buildConfigurationList = 18AD837523D5295A00D94FA9 /* Build configuration list for PBXNativeTarget "C0773774Assignment2" */;
			buildPhases = (
				DC8CCE09A10A887015F1796A /* [CP] Check Pods Manifest.lock */,
				18AD835A23D5295700D94FA9 /* Sources */,
				18AD835B23D5295700D94FA9 /* Frameworks */,
				18AD835C23D5295700D94FA9 /* Resources */,
				99771D19BBF24DDBE64B20DE /* [CP] Embed Pods Frameworks */,
			);
			buildRules = (
			);
			dependencies = (
			);
			name = C0773774Assignment2;
			productName = C0773774Assignment2;
			productReference = 18AD835E23D5295700D94FA9 /* C0773774Assignment2.app */;
			productType = "com.apple.product-type.application";
		};
/* End PBXNativeTarget section */

/* Begin PBXProject section */
		18AD835623D5295700D94FA9 /* Project object */ = {
			isa = PBXProject;
			attributes = {
				LastSwiftUpdateCheck = 1130;
				LastUpgradeCheck = 1130;
				ORGANIZATIONNAME = Apple;
				TargetAttributes = {
					18AD835D23D5295700D94FA9 = {
						CreatedOnToolsVersion = 11.3;
					};
				};
			};
			buildConfigurationList = 18AD835923D5295700D94FA9 /* Build configuration list for PBXProject "C0773774Assignment2" */;
			compatibilityVersion = "Xcode 9.3";
			developmentRegion = en;
			hasScannedForEncodings = 0;
			knownRegions = (
				en,
				Base,
			);
			mainGroup = 18AD835523D5295700D94FA9;
			productRefGroup = 18AD835F23D5295700D94FA9 /* Products */;
			projectDirPath = "";
			projectRoot = "";
			targets = (
				18AD835D23D5295700D94FA9 /* C0773774Assignment2 */,
			);
		};
/* End PBXProject section */

/* Begin PBXResourcesBuildPhase section */
		18AD835C23D5295700D94FA9 /* Resources */ = {
			isa = PBXResourcesBuildPhase;
			buildActionMask = 2147483647;
			files = (
				18AD837123D5295900D94FA9 /* LaunchScreen.storyboard in Resources */,
				18AD836E23D5295900D94FA9 /* Assets.xcassets in Resources */,
				18AD836923D5295700D94FA9 /* Main.storyboard in Resources */,
			);
			runOnlyForDeploymentPostprocessing = 0;
		};
/* End PBXResourcesBuildPhase section */

/* Begin PBXShellScriptBuildPhase section */
		99771D19BBF24DDBE64B20DE /* [CP] Embed Pods Frameworks */ = {
			isa = PBXShellScriptBuildPhase;
			buildActionMask = 2147483647;
			files = (
			);
			inputFileListPaths = (
				"${PODS_ROOT}/Target Support Files/Pods-C0773774Assignment2/Pods-C0773774Assignment2-frameworks-${CONFIGURATION}-input-files.xcfilelist",
			);
			name = "[CP] Embed Pods Frameworks";
			outputFileListPaths = (
				"${PODS_ROOT}/Target Support Files/Pods-C0773774Assignment2/Pods-C0773774Assignment2-frameworks-${CONFIGURATION}-output-files.xcfilelist",
			);
			runOnlyForDeploymentPostprocessing = 0;
			shellPath = /bin/sh;
			shellScript = "\"${PODS_ROOT}/Target Support Files/Pods-C0773774Assignment2/Pods-C0773774Assignment2-frameworks.sh\"\n";
			showEnvVarsInLog = 0;
		};
		DC8CCE09A10A887015F1796A /* [CP] Check Pods Manifest.lock */ = {
			isa = PBXShellScriptBuildPhase;
			buildActionMask = 2147483647;
			files = (
			);
			inputFileListPaths = (
			);
			inputPaths = (
				"${PODS_PODFILE_DIR_PATH}/Podfile.lock",
				"${PODS_ROOT}/Manifest.lock",
			);
			name = "[CP] Check Pods Manifest.lock";
			outputFileListPaths = (
			);
			outputPaths = (
				"$(DERIVED_FILE_DIR)/Pods-C0773774Assignment2-checkManifestLockResult.txt",
			);
			runOnlyForDeploymentPostprocessing = 0;
			shellPath = /bin/sh;
			shellScript = "diff \"${PODS_PODFILE_DIR_PATH}/Podfile.lock\" \"${PODS_ROOT}/Manifest.lock\" > /dev/null\nif [ $? != 0 ] ; then\n    # print error to STDERR\n    echo \"error: The sandbox is not in sync with the Podfile.lock. Run 'pod install' or update your CocoaPods installation.\" >&2\n    exit 1\nfi\n# This output is used by Xcode 'outputs' to avoid re-running this script phase.\necho \"SUCCESS\" > \"${SCRIPT_OUTPUT_FILE_0}\"\n";
			showEnvVarsInLog = 0;
		};
/* End PBXShellScriptBuildPhase section */

/* Begin PBXSourcesBuildPhase section */
		18AD835A23D5295700D94FA9 /* Sources */ = {
			isa = PBXSourcesBuildPhase;
			buildActionMask = 2147483647;
			files = (
				18AD836623D5295700D94FA9 /* ViewController.swift in Sources */,
				18D014C423D688A1002EEBB1 /* PersistenceManager.swift in Sources */,
				18AD836223D5295700D94FA9 /* AppDelegate.swift in Sources */,
				1874BF0823D762FD0002C3D4 /* FilterViewController.swift in Sources */,
				18AD836C23D5295800D94FA9 /* C0773774Assignment2.xcdatamodeld in Sources */,
				18AD837D23D53A2D00D94FA9 /* DetailViewController.swift in Sources */,
				18AD837923D52FD600D94FA9 /* VCTableViewCell.swift in Sources */,
				18AD836423D5295700D94FA9 /* SceneDelegate.swift in Sources */,
				18D014C623D6AA6C002EEBB1 /* Helper.swift in Sources */,
			);
			runOnlyForDeploymentPostprocessing = 0;
		};
/* End PBXSourcesBuildPhase section */

/* Begin PBXVariantGroup section */
		18AD836723D5295700D94FA9 /* Main.storyboard */ = {
			isa = PBXVariantGroup;
			children = (
				18AD836823D5295700D94FA9 /* Base */,
			);
			name = Main.storyboard;
			sourceTree = "<group>";
		};
		18AD836F23D5295900D94FA9 /* LaunchScreen.storyboard */ = {
			isa = PBXVariantGroup;
			children = (
				18AD837023D5295900D94FA9 /* Base */,
			);
			name = LaunchScreen.storyboard;
			sourceTree = "<group>";
		};
/* End PBXVariantGroup section */

/* Begin XCBuildConfiguration section */
		18AD837323D5295A00D94FA9 /* Debug */ = {
			isa = XCBuildConfiguration;
			buildSettings = {
				ALWAYS_SEARCH_USER_PATHS = NO;
				CLANG_ANALYZER_NONNULL = YES;
				CLANG_ANALYZER_NUMBER_OBJECT_CONVERSION = YES_AGGRESSIVE;
				CLANG_CXX_LANGUAGE_STANDARD = "gnu++14";
				CLANG_CXX_LIBRARY = "libc++";
				CLANG_ENABLE_MODULES = YES;
				CLANG_ENABLE_OBJC_ARC = YES;
				CLANG_ENABLE_OBJC_WEAK = YES;
				CLANG_WARN_BLOCK_CAPTURE_AUTORELEASING = YES;
				CLANG_WARN_BOOL_CONVERSION = YES;
				CLANG_WARN_COMMA = YES;
				CLANG_WARN_CONSTANT_CONVERSION = YES;
				CLANG_WARN_DEPRECATED_OBJC_IMPLEMENTATIONS = YES;
				CLANG_WARN_DIRECT_OBJC_ISA_USAGE = YES_ERROR;
				CLANG_WARN_DOCUMENTATION_COMMENTS = YES;
				CLANG_WARN_EMPTY_BODY = YES;
				CLANG_WARN_ENUM_CONVERSION = YES;
				CLANG_WARN_INFINITE_RECURSION = YES;
				CLANG_WARN_INT_CONVERSION = YES;
				CLANG_WARN_NON_LITERAL_NULL_CONVERSION = YES;
				CLANG_WARN_OBJC_IMPLICIT_RETAIN_SELF = YES;
				CLANG_WARN_OBJC_LITERAL_CONVERSION = YES;
				CLANG_WARN_OBJC_ROOT_CLASS = YES_ERROR;
				CLANG_WARN_RANGE_LOOP_ANALYSIS = YES;
				CLANG_WARN_STRICT_PROTOTYPES = YES;
				CLANG_WARN_SUSPICIOUS_MOVE = YES;
				CLANG_WARN_UNGUARDED_AVAILABILITY = YES_AGGRESSIVE;
				CLANG_WARN_UNREACHABLE_CODE = YES;
				CLANG_WARN__DUPLICATE_METHOD_MATCH = YES;
				COPY_PHASE_STRIP = NO;
				DEBUG_INFORMATION_FORMAT = dwarf;
				ENABLE_STRICT_OBJC_MSGSEND = YES;
				ENABLE_TESTABILITY = YES;
				GCC_C_LANGUAGE_STANDARD = gnu11;
				GCC_DYNAMIC_NO_PIC = NO;
				GCC_NO_COMMON_BLOCKS = YES;
				GCC_OPTIMIZATION_LEVEL = 0;
				GCC_PREPROCESSOR_DEFINITIONS = (
					"DEBUG=1",
					"$(inherited)",
				);
				GCC_WARN_64_TO_32_BIT_CONVERSION = YES;
				GCC_WARN_ABOUT_RETURN_TYPE = YES_ERROR;
				GCC_WARN_UNDECLARED_SELECTOR = YES;
				GCC_WARN_UNINITIALIZED_AUTOS = YES_AGGRESSIVE;
				GCC_WARN_UNUSED_FUNCTION = YES;
				GCC_WARN_UNUSED_VARIABLE = YES;
				IPHONEOS_DEPLOYMENT_TARGET = 13.2;
				MTL_ENABLE_DEBUG_INFO = INCLUDE_SOURCE;
				MTL_FAST_MATH = YES;
				ONLY_ACTIVE_ARCH = YES;
				SDKROOT = iphoneos;
				SWIFT_ACTIVE_COMPILATION_CONDITIONS = DEBUG;
				SWIFT_OPTIMIZATION_LEVEL = "-Onone";
			};
			name = Debug;
		};
		18AD837423D5295A00D94FA9 /* Release */ = {
			isa = XCBuildConfiguration;
			buildSettings = {
				ALWAYS_SEARCH_USER_PATHS = NO;
				CLANG_ANALYZER_NONNULL = YES;
				CLANG_ANALYZER_NUMBER_OBJECT_CONVERSION = YES_AGGRESSIVE;
				CLANG_CXX_LANGUAGE_STANDARD = "gnu++14";
				CLANG_CXX_LIBRARY = "libc++";
				CLANG_ENABLE_MODULES = YES;
				CLANG_ENABLE_OBJC_ARC = YES;
				CLANG_ENABLE_OBJC_WEAK = YES;
				CLANG_WARN_BLOCK_CAPTURE_AUTORELEASING = YES;
				CLANG_WARN_BOOL_CONVERSION = YES;
				CLANG_WARN_COMMA = YES;
				CLANG_WARN_CONSTANT_CONVERSION = YES;
				CLANG_WARN_DEPRECATED_OBJC_IMPLEMENTATIONS = YES;
				CLANG_WARN_DIRECT_OBJC_ISA_USAGE = YES_ERROR;
				CLANG_WARN_DOCUMENTATION_COMMENTS = YES;
				CLANG_WARN_EMPTY_BODY = YES;
				CLANG_WARN_ENUM_CONVERSION = YES;
				CLANG_WARN_INFINITE_RECURSION = YES;
				CLANG_WARN_INT_CONVERSION = YES;
				CLANG_WARN_NON_LITERAL_NULL_CONVERSION = YES;
				CLANG_WARN_OBJC_IMPLICIT_RETAIN_SELF = YES;
				CLANG_WARN_OBJC_LITERAL_CONVERSION = YES;
				CLANG_WARN_OBJC_ROOT_CLASS = YES_ERROR;
				CLANG_WARN_RANGE_LOOP_ANALYSIS = YES;
				CLANG_WARN_STRICT_PROTOTYPES = YES;
				CLANG_WARN_SUSPICIOUS_MOVE = YES;
				CLANG_WARN_UNGUARDED_AVAILABILITY = YES_AGGRESSIVE;
				CLANG_WARN_UNREACHABLE_CODE = YES;
				CLANG_WARN__DUPLICATE_METHOD_MATCH = YES;
				COPY_PHASE_STRIP = NO;
				DEBUG_INFORMATION_FORMAT = "dwarf-with-dsym";
				ENABLE_NS_ASSERTIONS = NO;
				ENABLE_STRICT_OBJC_MSGSEND = YES;
				GCC_C_LANGUAGE_STANDARD = gnu11;
				GCC_NO_COMMON_BLOCKS = YES;
				GCC_WARN_64_TO_32_BIT_CONVERSION = YES;
				GCC_WARN_ABOUT_RETURN_TYPE = YES_ERROR;
				GCC_WARN_UNDECLARED_SELECTOR = YES;
				GCC_WARN_UNINITIALIZED_AUTOS = YES_AGGRESSIVE;
				GCC_WARN_UNUSED_FUNCTION = YES;
				GCC_WARN_UNUSED_VARIABLE = YES;
				IPHONEOS_DEPLOYMENT_TARGET = 13.2;
				MTL_ENABLE_DEBUG_INFO = NO;
				MTL_FAST_MATH = YES;
				SDKROOT = iphoneos;
				SWIFT_COMPILATION_MODE = wholemodule;
				SWIFT_OPTIMIZATION_LEVEL = "-O";
				VALIDATE_PRODUCT = YES;
			};
			name = Release;
		};
		18AD837623D5295A00D94FA9 /* Debug */ = {
			isa = XCBuildConfiguration;
			baseConfigurationReference = AFC69F3E0F578B665910A083 /* Pods-C0773774Assignment2.debug.xcconfig */;
			buildSettings = {
				ASSETCATALOG_COMPILER_APPICON_NAME = AppIcon;
				CODE_SIGN_STYLE = Automatic;
				DEVELOPMENT_TEAM = ZZGNKKHCD7;
				INFOPLIST_FILE = C0773774Assignment2/Info.plist;
				LD_RUNPATH_SEARCH_PATHS = (
					"$(inherited)",
					"@executable_path/Frameworks",
				);
				PRODUCT_BUNDLE_IDENTIFIER = com.immenent.C0773774Assignment2;
				PRODUCT_NAME = "$(TARGET_NAME)";
				SWIFT_VERSION = 5.0;
				TARGETED_DEVICE_FAMILY = "1,2";
			};
			name = Debug;
		};
		18AD837723D5295A00D94FA9 /* Release */ = {
			isa = XCBuildConfiguration;
			baseConfigurationReference = A0F900F422646805D4F18850 /* Pods-C0773774Assignment2.release.xcconfig */;
			buildSettings = {
				ASSETCATALOG_COMPILER_APPICON_NAME = AppIcon;
				CODE_SIGN_STYLE = Automatic;
				DEVELOPMENT_TEAM = ZZGNKKHCD7;
				INFOPLIST_FILE = C0773774Assignment2/Info.plist;
				LD_RUNPATH_SEARCH_PATHS = (
					"$(inherited)",
					"@executable_path/Frameworks",
				);
				PRODUCT_BUNDLE_IDENTIFIER = com.immenent.C0773774Assignment2;
				PRODUCT_NAME = "$(TARGET_NAME)";
				SWIFT_VERSION = 5.0;
				TARGETED_DEVICE_FAMILY = "1,2";
			};
			name = Release;
		};
/* End XCBuildConfiguration section */

/* Begin XCConfigurationList section */
		18AD835923D5295700D94FA9 /* Build configuration list for PBXProject "C0773774Assignment2" */ = {
			isa = XCConfigurationList;
			buildConfigurations = (
				18AD837323D5295A00D94FA9 /* Debug */,
				18AD837423D5295A00D94FA9 /* Release */,
			);
			defaultConfigurationIsVisible = 0;
			defaultConfigurationName = Release;
		};
		18AD837523D5295A00D94FA9 /* Build configuration list for PBXNativeTarget "C0773774Assignment2" */ = {
			isa = XCConfigurationList;
			buildConfigurations = (
				18AD837623D5295A00D94FA9 /* Debug */,
				18AD837723D5295A00D94FA9 /* Release */,
			);
			defaultConfigurationIsVisible = 0;
			defaultConfigurationName = Release;
		};
/* End XCConfigurationList section */

/* Begin XCVersionGroup section */
		18AD836A23D5295800D94FA9 /* C0773774Assignment2.xcdatamodeld */ = {
			isa = XCVersionGroup;
			children = (
				18AD836B23D5295800D94FA9 /* C0773774Assignment2.xcdatamodel */,
			);
			currentVersion = 18AD836B23D5295800D94FA9 /* C0773774Assignment2.xcdatamodel */;
			path = C0773774Assignment2.xcdatamodeld;
			sourceTree = "<group>";
			versionGroupType = wrapper.xcdatamodel;
		};
/* End XCVersionGroup section */
	};
	rootObject = 18AD835623D5295700D94FA9 /* Project object */;
}
